
Microsoft Visual Studio Solution File, Format Version 12.00
# Visual Studio 15
VisualStudioVersion = 15.0.28307.1684
MinimumVisualStudioVersion = 10.0.40219.1
Project("{8BC9CEB8-8B4A-11D0-8D11-00A0C91BC942}") = "MPI_Project", "MPI_Project\MPI_Project.vcxproj", "{EFB0E5DC-5157-404A-887C-7F2CA7634886}"
EndProject
Global
	GlobalSection(SolutionConfigurationPlatforms) = preSolution
		Debug|x64 = Debug|x64
		Debug|x86 = Debug|x86
		Release|x64 = Release|x64
		Release|x86 = Release|x86
	EndGlobalSection
	GlobalSection(ProjectConfigurationPlatforms) = postSolution
		{EFB0E5DC-5157-404A-887C-7F2CA7634886}.Debug|x64.ActiveCfg = Debug|x64
		{EFB0E5DC-5157-404A-887C-7F2CA7634886}.Debug|x64.Build.0 = Debug|x64
		{EFB0E5DC-5157-404A-887C-7F2CA7634886}.Debug|x86.ActiveCfg = Debug|Win32
		{EFB0E5DC-5157-404A-887C-7F2CA7634886}.Debug|x86.Build.0 = Debug|Win32
		{EFB0E5DC-5157-404A-887C-7F2CA7634886}.Release|x64.ActiveCfg = Release|x64
		{EFB0E5DC-5157-404A-887C-7F2CA7634886}.Release|x64.Build.0 = Release|x64
		{EFB0E5DC-5157-404A-887C-7F2CA7634886}.Release|x86.ActiveCfg = Release|Win32
		{EFB0E5DC-5157-404A-887C-7F2CA7634886}.Release|x86.Build.0 = Release|Win32
	EndGlobalSection
	GlobalSection(SolutionProperties) = preSolution
		HideSolutionNode = FALSE
	EndGlobalSection
	GlobalSection(ExtensibilityGlobals) = postSolution
		SolutionGuid = {B6390FD2-46AA-44EC-8871-C2C3C19E92D8}
	EndGlobalSection
EndGlobal
